
Microsoft Visual Studio Solution File, Format Version 12.00
Project("{FAE04EC0-301F-11D3-BF4B-00C04F79EFBC}") = "API.Tests", "API.Tests\API.Tests.csproj", "{69381CCC-F9B9-4A6D-AEDB-001CAC6675C7}"
EndProject
Project("{FAE04EC0-301F-11D3-BF4B-00C04F79EFBC}") = "API", "API\API.csproj", "{8D0A6D5D-DA78-49BE-BE48-ED8A6A4DCA32}"
EndProject
Global
	GlobalSection(SolutionConfigurationPlatforms) = preSolution
		Debug|Any CPU = Debug|Any CPU
		Release|Any CPU = Release|Any CPU
	EndGlobalSection
	GlobalSection(ProjectConfigurationPlatforms) = postSolution
		{69381CCC-F9B9-4A6D-AEDB-001CAC6675C7}.Debug|Any CPU.ActiveCfg = Debug|Any CPU
		{69381CCC-F9B9-4A6D-AEDB-001CAC6675C7}.Debug|Any CPU.Build.0 = Debug|Any CPU
		{69381CCC-F9B9-4A6D-AEDB-001CAC6675C7}.Release|Any CPU.ActiveCfg = Release|Any CPU
		{69381CCC-F9B9-4A6D-AEDB-001CAC6675C7}.Release|Any CPU.Build.0 = Release|Any CPU
		{8D0A6D5D-DA78-49BE-BE48-ED8A6A4DCA32}.Debug|Any CPU.ActiveCfg = Debug|Any CPU
		{8D0A6D5D-DA78-49BE-BE48-ED8A6A4DCA32}.Debug|Any CPU.Build.0 = Debug|Any CPU
		{8D0A6D5D-DA78-49BE-BE48-ED8A6A4DCA32}.Release|Any CPU.ActiveCfg = Release|Any CPU
		{8D0A6D5D-DA78-49BE-BE48-ED8A6A4DCA32}.Release|Any CPU.Build.0 = Release|Any CPU
	EndGlobalSection
EndGlobal
